
Microsoft Visual Studio Solution File, Format Version 12.00
# Visual Studio Version 17
VisualStudioVersion = 17.6.33815.320
MinimumVisualStudioVersion = 10.0.40219.1
Project("{2150E333-8FDC-42A3-9474-1A3956D46DE8}") = "Microservices", "Microservices", "{091DCC92-1D36-440A-9A03-2EC5FB418C7C}"
EndProject
Project("{FAE04EC0-301F-11D3-BF4B-00C04F79EFBC}") = "CompletedWorkoutAPI", "ConsumedCheatMealAPI\CompletedWorkoutAPI.csproj", "{CA29638B-D05A-4237-B4BC-A7F4C2D7A54F}"
EndProject
Project("{FAE04EC0-301F-11D3-BF4B-00C04F79EFBC}") = "ConsumedCheatMealAPI", "CompletedWorkoutAPI\ConsumedCheatMealAPI.csproj", "{A5FA17D1-351A-445D-89E0-E73101182CE4}"
EndProject
Project("{9A19103F-16F7-4668-BE54-9A1E7A4F7556}") = "OcelotGateway", "OcelotGateway\OcelotGateway.csproj", "{719848AF-17A7-4CBC-897E-DB13245B8108}"
EndProject
Project("{9A19103F-16F7-4668-BE54-9A1E7A4F7556}") = "FitnessTrackerApp", "FitnessTrackerApp\FitnessTrackerApp.csproj", "{246F1E24-3E89-47FD-B57E-9355B352100E}"
EndProject
Global
	GlobalSection(SolutionConfigurationPlatforms) = preSolution
		Debug|Any CPU = Debug|Any CPU
		Release|Any CPU = Release|Any CPU
	EndGlobalSection
	GlobalSection(ProjectConfigurationPlatforms) = postSolution
		{CA29638B-D05A-4237-B4BC-A7F4C2D7A54F}.Debug|Any CPU.ActiveCfg = Debug|Any CPU
		{CA29638B-D05A-4237-B4BC-A7F4C2D7A54F}.Debug|Any CPU.Build.0 = Debug|Any CPU
		{CA29638B-D05A-4237-B4BC-A7F4C2D7A54F}.Release|Any CPU.ActiveCfg = Release|Any CPU
		{CA29638B-D05A-4237-B4BC-A7F4C2D7A54F}.Release|Any CPU.Build.0 = Release|Any CPU
		{A5FA17D1-351A-445D-89E0-E73101182CE4}.Debug|Any CPU.ActiveCfg = Debug|Any CPU
		{A5FA17D1-351A-445D-89E0-E73101182CE4}.Debug|Any CPU.Build.0 = Debug|Any CPU
		{A5FA17D1-351A-445D-89E0-E73101182CE4}.Release|Any CPU.ActiveCfg = Release|Any CPU
		{A5FA17D1-351A-445D-89E0-E73101182CE4}.Release|Any CPU.Build.0 = Release|Any CPU
		{719848AF-17A7-4CBC-897E-DB13245B8108}.Debug|Any CPU.ActiveCfg = Debug|Any CPU
		{719848AF-17A7-4CBC-897E-DB13245B8108}.Debug|Any CPU.Build.0 = Debug|Any CPU
		{719848AF-17A7-4CBC-897E-DB13245B8108}.Release|Any CPU.ActiveCfg = Release|Any CPU
		{719848AF-17A7-4CBC-897E-DB13245B8108}.Release|Any CPU.Build.0 = Release|Any CPU
		{246F1E24-3E89-47FD-B57E-9355B352100E}.Debug|Any CPU.ActiveCfg = Debug|Any CPU
		{246F1E24-3E89-47FD-B57E-9355B352100E}.Debug|Any CPU.Build.0 = Debug|Any CPU
		{246F1E24-3E89-47FD-B57E-9355B352100E}.Release|Any CPU.ActiveCfg = Release|Any CPU
		{246F1E24-3E89-47FD-B57E-9355B352100E}.Release|Any CPU.Build.0 = Release|Any CPU
	EndGlobalSection
	GlobalSection(SolutionProperties) = preSolution
		HideSolutionNode = FALSE
	EndGlobalSection
	GlobalSection(NestedProjects) = preSolution
		{CA29638B-D05A-4237-B4BC-A7F4C2D7A54F} = {091DCC92-1D36-440A-9A03-2EC5FB418C7C}
		{A5FA17D1-351A-445D-89E0-E73101182CE4} = {091DCC92-1D36-440A-9A03-2EC5FB418C7C}
	EndGlobalSection
	GlobalSection(ExtensibilityGlobals) = postSolution
		SolutionGuid = {5CE508B3-47C0-4F7D-B9A3-8CD1292C86BB}
	EndGlobalSection
EndGlobal
